// !$*UTF8*$!
{
	archiveVersion = 1;
	classes = {
	};
	objectVersion = 46;
	objects = {

/* Begin PBXBuildFile section */
		E46974C01ADEA9EB00923DC9 /* main.m in Sources */ = {isa = PBXBuildFile; fileRef = E46974BF1ADEA9EB00923DC9 /* main.m */; };
		E46974C31ADEA9EB00923DC9 /* AppDelegate.m in Sources */ = {isa = PBXBuildFile; fileRef = E46974C21ADEA9EB00923DC9 /* AppDelegate.m */; };
		E46974C61ADEA9EB00923DC9 /* ViewController.m in Sources */ = {isa = PBXBuildFile; fileRef = E46974C51ADEA9EB00923DC9 /* ViewController.m */; };
		E46974C91ADEA9EB00923DC9 /* Main.storyboard in Resources */ = {isa = PBXBuildFile; fileRef = E46974C71ADEA9EB00923DC9 /* Main.storyboard */; };
		E46974CB1ADEA9EB00923DC9 /* Images.xcassets in Resources */ = {isa = PBXBuildFile; fileRef = E46974CA1ADEA9EB00923DC9 /* Images.xcassets */; };
		E46974CE1ADEA9EB00923DC9 /* LaunchScreen.xib in Resources */ = {isa = PBXBuildFile; fileRef = E46974CC1ADEA9EB00923DC9 /* LaunchScreen.xib */; };
		E46974DA1ADEA9EB00923DC9 /* ProgramableViewsTests.m in Sources */ = {isa = PBXBuildFile; fileRef = E46974D91ADEA9EB00923DC9 /* ProgramableViewsTests.m */; };
/* End PBXBuildFile section */

/* Begin PBXContainerItemProxy section */
		E46974D41ADEA9EB00923DC9 /* PBXContainerItemProxy */ = {
			isa = PBXContainerItemProxy;
			containerPortal = E46974B21ADEA9EB00923DC9 /* Project object */;
			proxyType = 1;
			remoteGlobalIDString = E46974B91ADEA9EB00923DC9;
			remoteInfo = ProgramableViews;
		};
/* End PBXContainerItemProxy section */

/* Begin PBXFileReference section */
		E46974BA1ADEA9EB00923DC9 /* ProgramableViews.app */ = {isa = PBXFileReference; explicitFileType = wrapper.application; includeInIndex = 0; path = ProgramableViews.app; sourceTree = BUILT_PRODUCTS_DIR; };
		E46974BE1ADEA9EB00923DC9 /* Info.plist */ = {isa = PBXFileReference; lastKnownFileType = text.plist.xml; path = Info.plist; sourceTree = "<group>"; };
		E46974BF1ADEA9EB00923DC9 /* main.m */ = {isa = PBXFileReference; lastKnownFileType = sourcecode.c.objc; path = main.m; sourceTree = "<group>"; };
		E46974C11ADEA9EB00923DC9 /* AppDelegate.h */ = {isa = PBXFileReference; lastKnownFileType = sourcecode.c.h; path = AppDelegate.h; sourceTree = "<group>"; };
		E46974C21ADEA9EB00923DC9 /* AppDelegate.m */ = {isa = PBXFileReference; lastKnownFileType = sourcecode.c.objc; path = AppDelegate.m; sourceTree = "<group>"; };
		E46974C41ADEA9EB00923DC9 /* ViewController.h */ = {isa = PBXFileReference; lastKnownFileType = sourcecode.c.h; path = ViewController.h; sourceTree = "<group>"; };
		E46974C51ADEA9EB00923DC9 /* ViewController.m */ = {isa = PBXFileReference; lastKnownFileType = sourcecode.c.objc; path = ViewController.m; sourceTree = "<group>"; };
		E46974C81ADEA9EB00923DC9 /* Base */ = {isa = PBXFileReference; lastKnownFileType = file.storyboard; name = Base; path = Base.lproj/Main.storyboard; sourceTree = "<group>"; };
		E46974CA1ADEA9EB00923DC9 /* Images.xcassets */ = {isa = PBXFileReference; lastKnownFileType = folder.assetcatalog; path = Images.xcassets; sourceTree = "<group>"; };
		E46974CD1ADEA9EB00923DC9 /* Base */ = {isa = PBXFileReference; lastKnownFileType = file.xib; name = Base; path = Base.lproj/LaunchScreen.xib; sourceTree = "<group>"; };
		E46974D31ADEA9EB00923DC9 /* ProgramableViewsTests.xctest */ = {isa = PBXFileReference; explicitFileType = wrapper.cfbundle; includeInIndex = 0; path = ProgramableViewsTests.xctest; sourceTree = BUILT_PRODUCTS_DIR; };
		E46974D81ADEA9EB00923DC9 /* Info.plist */ = {isa = PBXFileReference; lastKnownFileType = text.plist.xml; path = Info.plist; sourceTree = "<group>"; };
		E46974D91ADEA9EB00923DC9 /* ProgramableViewsTests.m */ = {isa = PBXFileReference; lastKnownFileType = sourcecode.c.objc; path = ProgramableViewsTests.m; sourceTree = "<group>"; };
/* End PBXFileReference section */

/* Begin PBXFrameworksBuildPhase section */
		E46974B71ADEA9EB00923DC9 /* Frameworks */ = {
			isa = PBXFrameworksBuildPhase;
			buildActionMask = 2147483647;
			files = (
			);
			runOnlyForDeploymentPostprocessing = 0;
		};
		E46974D01ADEA9EB00923DC9 /* Frameworks */ = {
			isa = PBXFrameworksBuildPhase;
			buildActionMask = 2147483647;
			files = (
			);
			runOnlyForDeploymentPostprocessing = 0;
		};
/* End PBXFrameworksBuildPhase section */

/* Begin PBXGroup section */
		E46974B11ADEA9EB00923DC9 = {
			isa = PBXGroup;
			children = (
				E46974BC1ADEA9EB00923DC9 /* ProgramableViews */,
				E46974D61ADEA9EB00923DC9 /* ProgramableViewsTests */,
				E46974BB1ADEA9EB00923DC9 /* Products */,
			);
			sourceTree = "<group>";
		};
		E46974BB1ADEA9EB00923DC9 /* Products */ = {
			isa = PBXGroup;
			children = (
				E46974BA1ADEA9EB00923DC9 /* ProgramableViews.app */,
				E46974D31ADEA9EB00923DC9 /* ProgramableViewsTests.xctest */,
			);
			name = Products;
			sourceTree = "<group>";
		};
		E46974BC1ADEA9EB00923DC9 /* ProgramableViews */ = {
			isa = PBXGroup;
			children = (
				E46974C11ADEA9EB00923DC9 /* AppDelegate.h */,
				E46974C21ADEA9EB00923DC9 /* AppDelegate.m */,
				E46974C41ADEA9EB00923DC9 /* ViewController.h */,
				E46974C51ADEA9EB00923DC9 /* ViewController.m */,
				E46974C71ADEA9EB00923DC9 /* Main.storyboard */,
				E46974CA1ADEA9EB00923DC9 /* Images.xcassets */,
				E46974CC1ADEA9EB00923DC9 /* LaunchScreen.xib */,
				E46974BD1ADEA9EB00923DC9 /* Supporting Files */,
			);
			path = ProgramableViews;
			sourceTree = "<group>";
		};
		E46974BD1ADEA9EB00923DC9 /* Supporting Files */ = {
			isa = PBXGroup;
			children = (
				E46974BE1ADEA9EB00923DC9 /* Info.plist */,
				E46974BF1ADEA9EB00923DC9 /* main.m */,
			);
			name = "Supporting Files";
			sourceTree = "<group>";
		};
		E46974D61ADEA9EB00923DC9 /* ProgramableViewsTests */ = {
			isa = PBXGroup;
			children = (
				E46974D91ADEA9EB00923DC9 /* ProgramableViewsTests.m */,
				E46974D71ADEA9EB00923DC9 /* Supporting Files */,
			);
			path = ProgramableViewsTests;
			sourceTree = "<group>";
		};
		E46974D71ADEA9EB00923DC9 /* Supporting Files */ = {
			isa = PBXGroup;
			children = (
				E46974D81ADEA9EB00923DC9 /* Info.plist */,
			);
			name = "Supporting Files";
			sourceTree = "<group>";
		};
/* End PBXGroup section */

/* Begin PBXNativeTarget section */
		E46974B91ADEA9EB00923DC9 /* ProgramableViews */ = {
			isa = PBXNativeTarget;
			buildConfigurationList = E46974DD1ADEA9EB00923DC9 /* Build configuration list for PBXNativeTarget "ProgramableViews" */;
			buildPhases = (
				E46974B61ADEA9EB00923DC9 /* Sources */,
				E46974B71ADEA9EB00923DC9 /* Frameworks */,
				E46974B81ADEA9EB00923DC9 /* Resources */,
			);
			buildRules = (
			);
			dependencies = (
			);
			name = ProgramableViews;
			productName = ProgramableViews;
			productReference = E46974BA1ADEA9EB00923DC9 /* ProgramableViews.app */;
			productType = "com.apple.product-type.application";
		};
		E46974D21ADEA9EB00923DC9 /* ProgramableViewsTests */ = {
			isa = PBXNativeTarget;
			buildConfigurationList = E46974E01ADEA9EB00923DC9 /* Build configuration list for PBXNativeTarget "ProgramableViewsTests" */;
			buildPhases = (
				E46974CF1ADEA9EB00923DC9 /* Sources */,
				E46974D01ADEA9EB00923DC9 /* Frameworks */,
				E46974D11ADEA9EB00923DC9 /* Resources */,
			);
			buildRules = (
			);
			dependencies = (
				E46974D51ADEA9EB00923DC9 /* PBXTargetDependency */,
			);
			name = ProgramableViewsTests;
			productName = ProgramableViewsTests;
			productReference = E46974D31ADEA9EB00923DC9 /* ProgramableViewsTests.xctest */;
			productType = "com.apple.product-type.bundle.unit-test";
		};
/* End PBXNativeTarget section */

/* Begin PBXProject section */
		E46974B21ADEA9EB00923DC9 /* Project object */ = {
			isa = PBXProject;
			attributes = {
				LastUpgradeCheck = 0630;
				ORGANIZATIONNAME = "Daniel J Goncalves";
				TargetAttributes = {
					E46974B91ADEA9EB00923DC9 = {
						CreatedOnToolsVersion = 6.3;
					};
					E46974D21ADEA9EB00923DC9 = {
						CreatedOnToolsVersion = 6.3;
						TestTargetID = E46974B91ADEA9EB00923DC9;
					};
				};
			};
			buildConfigurationList = E46974B51ADEA9EB00923DC9 /* Build configuration list for PBXProject "ProgramableViews" */;
			compatibilityVersion = "Xcode 3.2";
			developmentRegion = English;
			hasScannedForEncodings = 0;
			knownRegions = (
				en,
				Base,
			);
			mainGroup = E46974B11ADEA9EB00923DC9;
			productRefGroup = E46974BB1ADEA9EB00923DC9 /* Products */;
			projectDirPath = "";
			projectRoot = "";
			targets = (
				E46974B91ADEA9EB00923DC9 /* ProgramableViews */,
				E46974D21ADEA9EB00923DC9 /* ProgramableViewsTests */,
			);
		};
/* End PBXProject section */

/* Begin PBXResourcesBuildPhase section */
		E46974B81ADEA9EB00923DC9 /* Resources */ = {
			isa = PBXResourcesBuildPhase;
			buildActionMask = 2147483647;
			files = (
				E46974C91ADEA9EB00923DC9 /* Main.storyboard in Resources */,
				E46974CE1ADEA9EB00923DC9 /* LaunchScreen.xib in Resources */,
				E46974CB1ADEA9EB00923DC9 /* Images.xcassets in Resources */,
			);
			runOnlyForDeploymentPostprocessing = 0;
		};
		E46974D11ADEA9EB00923DC9 /* Resources */ = {
			isa = PBXResourcesBuildPhase;
			buildActionMask = 2147483647;
			files = (
			);
			runOnlyForDeploymentPostprocessing = 0;
		};
/* End PBXResourcesBuildPhase section */

/* Begin PBXSourcesBuildPhase section */
		E46974B61ADEA9EB00923DC9 /* Sources */ = {
			isa = PBXSourcesBuildPhase;
			buildActionMask = 2147483647;
			files = (
				E46974C61ADEA9EB00923DC9 /* ViewController.m in Sources */,
				E46974C31ADEA9EB00923DC9 /* AppDelegate.m in Sources */,
				E46974C01ADEA9EB00923DC9 /* main.m in Sources */,
			);
			runOnlyForDeploymentPostprocessing = 0;
		};
		E46974CF1ADEA9EB00923DC9 /* Sources */ = {
			isa = PBXSourcesBuildPhase;
			buildActionMask = 2147483647;
			files = (
				E46974DA1ADEA9EB00923DC9 /* ProgramableViewsTests.m in Sources */,
			);
			runOnlyForDeploymentPostprocessing = 0;
		};
/* End PBXSourcesBuildPhase section */

/* Begin PBXTargetDependency section */
		E46974D51ADEA9EB00923DC9 /* PBXTargetDependency */ = {
			isa = PBXTargetDependency;
			target = E46974B91ADEA9EB00923DC9 /* ProgramableViews */;
			targetProxy = E46974D41ADEA9EB00923DC9 /* PBXContainerItemProxy */;
		};
/* End PBXTargetDependency section */

/* Begin PBXVariantGroup section */
		E46974C71ADEA9EB00923DC9 /* Main.storyboard */ = {
			isa = PBXVariantGroup;
			children = (
				E46974C81ADEA9EB00923DC9 /* Base */,
			);
			name = Main.storyboard;
			sourceTree = "<group>";
		};
		E46974CC1ADEA9EB00923DC9 /* LaunchScreen.xib */ = {
			isa = PBXVariantGroup;
			children = (
				E46974CD1ADEA9EB00923DC9 /* Base */,
			);
			name = LaunchScreen.xib;
			sourceTree = "<group>";
		};
/* End PBXVariantGroup section */

/* Begin XCBuildConfiguration section */
		E46974DB1ADEA9EB00923DC9 /* Debug */ = {
			isa = XCBuildConfiguration;
			buildSettings = {
				ALWAYS_SEARCH_USER_PATHS = NO;
				CLANG_CXX_LANGUAGE_STANDARD = "gnu++0x";
				CLANG_CXX_LIBRARY = "libc++";
				CLANG_ENABLE_MODULES = YES;
				CLANG_ENABLE_OBJC_ARC = YES;
				CLANG_WARN_BOOL_CONVERSION = YES;
				CLANG_WARN_CONSTANT_CONVERSION = YES;
				CLANG_WARN_DIRECT_OBJC_ISA_USAGE = YES_ERROR;
				CLANG_WARN_EMPTY_BODY = YES;
				CLANG_WARN_ENUM_CONVERSION = YES;
				CLANG_WARN_INT_CONVERSION = YES;
				CLANG_WARN_OBJC_ROOT_CLASS = YES_ERROR;
				CLANG_WARN_UNREACHABLE_CODE = YES;
				CLANG_WARN__DUPLICATE_METHOD_MATCH = YES;
				"CODE_SIGN_IDENTITY[sdk=iphoneos*]" = "iPhone Developer";
				COPY_PHASE_STRIP = NO;
				DEBUG_INFORMATION_FORMAT = "dwarf-with-dsym";
				ENABLE_STRICT_OBJC_MSGSEND = YES;
				GCC_C_LANGUAGE_STANDARD = gnu99;
				GCC_DYNAMIC_NO_PIC = NO;
				GCC_NO_COMMON_BLOCKS = YES;
				GCC_OPTIMIZATION_LEVEL = 0;
				GCC_PREPROCESSOR_DEFINITIONS = (
					"DEBUG=1",
					"$(inherited)",
				);
				GCC_SYMBOLS_PRIVATE_EXTERN = NO;
				GCC_WARN_64_TO_32_BIT_CONVERSION = YES;
				GCC_WARN_ABOUT_RETURN_TYPE = YES_ERROR;
				GCC_WARN_UNDECLARED_SELECTOR = YES;
				GCC_WARN_UNINITIALIZED_AUTOS = YES_AGGRESSIVE;
				GCC_WARN_UNUSED_FUNCTION = YES;
				GCC_WARN_UNUSED_VARIABLE = YES;
				IPHONEOS_DEPLOYMENT_TARGET = 8.3;
				MTL_ENABLE_DEBUG_INFO = YES;
				ONLY_ACTIVE_ARCH = YES;
				SDKROOT = iphoneos;
			};
			name = Debug;
		};
		E46974DC1ADEA9EB00923DC9 /* Release */ = {
			isa = XCBuildConfiguration;
			buildSettings = {
				ALWAYS_SEARCH_USER_PATHS = NO;
				CLANG_CXX_LANGUAGE_STANDARD = "gnu++0x";
				CLANG_CXX_LIBRARY = "libc++";
				CLANG_ENABLE_MODULES = YES;
				CLANG_ENABLE_OBJC_ARC = YES;
				CLANG_WARN_BOOL_CONVERSION = YES;
				CLANG_WARN_CONSTANT_CONVERSION = YES;
				CLANG_WARN_DIRECT_OBJC_ISA_USAGE = YES_ERROR;
				CLANG_WARN_EMPTY_BODY = YES;
				CLANG_WARN_ENUM_CONVERSION = YES;
				CLANG_WARN_INT_CONVERSION = YES;
				CLANG_WARN_OBJC_ROOT_CLASS = YES_ERROR;
				CLANG_WARN_UNREACHABLE_CODE = YES;
				CLANG_WARN__DUPLICATE_METHOD_MATCH = YES;
				"CODE_SIGN_IDENTITY[sdk=iphoneos*]" = "iPhone Developer";
				COPY_PHASE_STRIP = NO;
				DEBUG_INFORMATION_FORMAT = "dwarf-with-dsym";
				ENABLE_NS_ASSERTIONS = NO;
				ENABLE_STRICT_OBJC_MSGSEND = YES;
				GCC_C_LANGUAGE_STANDARD = gnu99;
				GCC_NO_COMMON_BLOCKS = YES;
				GCC_WARN_64_TO_32_BIT_CONVERSION = YES;
				GCC_WARN_ABOUT_RETURN_TYPE = YES_ERROR;
				GCC_WARN_UNDECLARED_SELECTOR = YES;
				GCC_WARN_UNINITIALIZED_AUTOS = YES_AGGRESSIVE;
				GCC_WARN_UNUSED_FUNCTION = YES;
				GCC_WARN_UNUSED_VARIABLE = YES;
				IPHONEOS_DEPLOYMENT_TARGET = 8.3;
				MTL_ENABLE_DEBUG_INFO = NO;
				SDKROOT = iphoneos;
				VALIDATE_PRODUCT = YES;
			};
			name = Release;
		};
		E46974DE1ADEA9EB00923DC9 /* Debug */ = {
			isa = XCBuildConfiguration;
			buildSettings = {
				ASSETCATALOG_COMPILER_APPICON_NAME = AppIcon;
				INFOPLIST_FILE = ProgramableViews/Info.plist;
				LD_RUNPATH_SEARCH_PATHS = "$(inherited) @executable_path/Frameworks";
				PRODUCT_NAME = "$(TARGET_NAME)";
			};
			name = Debug;
		};
		E46974DF1ADEA9EB00923DC9 /* Release */ = {
			isa = XCBuildConfiguration;
			buildSettings = {
				ASSETCATALOG_COMPILER_APPICON_NAME = AppIcon;
				INFOPLIST_FILE = ProgramableViews/Info.plist;
				LD_RUNPATH_SEARCH_PATHS = "$(inherited) @executable_path/Frameworks";
				PRODUCT_NAME = "$(TARGET_NAME)";
			};
			name = Release;
		};
		E46974E11ADEA9EB00923DC9 /* Debug */ = {
			isa = XCBuildConfiguration;
			buildSettings = {
				BUNDLE_LOADER = "$(TEST_HOST)";
				FRAMEWORK_SEARCH_PATHS = (
					"$(SDKROOT)/Developer/Library/Frameworks",
					"$(inherited)",
				);
				GCC_PREPROCESSOR_DEFINITIONS = (
					"DEBUG=1",
					"$(inherited)",
				);
				INFOPLIST_FILE = ProgramableViewsTests/Info.plist;
				LD_RUNPATH_SEARCH_PATHS = "$(inherited) @executable_path/Frameworks @loader_path/Frameworks";
				PRODUCT_NAME = "$(TARGET_NAME)";
				TEST_HOST = "$(BUILT_PRODUCTS_DIR)/ProgramableViews.app/ProgramableViews";
			};
			name = Debug;
		};
		E46974E21ADEA9EB00923DC9 /* Release */ = {
			isa = XCBuildConfiguration;
			buildSettings = {
				BUNDLE_LOADER = "$(TEST_HOST)";
				FRAMEWORK_SEARCH_PATHS = (
					"$(SDKROOT)/Developer/Library/Frameworks",
					"$(inherited)",
				);
				INFOPLIST_FILE = ProgramableViewsTests/Info.plist;
				LD_RUNPATH_SEARCH_PATHS = "$(inherited) @executable_path/Frameworks @loader_path/Frameworks";
				PRODUCT_NAME = "$(TARGET_NAME)";
				TEST_HOST = "$(BUILT_PRODUCTS_DIR)/ProgramableViews.app/ProgramableViews";
			};
			name = Release;
		};
/* End XCBuildConfiguration section */

/* Begin XCConfigurationList section */
		E46974B51ADEA9EB00923DC9 /* Build configuration list for PBXProject "ProgramableViews" */ = {
			isa = XCConfigurationList;
			buildConfigurations = (
				E46974DB1ADEA9EB00923DC9 /* Debug */,
				E46974DC1ADEA9EB00923DC9 /* Release */,
			);
			defaultConfigurationIsVisible = 0;
			defaultConfigurationName = Release;
		};
		E46974DD1ADEA9EB00923DC9 /* Build configuration list for PBXNativeTarget "ProgramableViews" */ = {
			isa = XCConfigurationList;
			buildConfigurations = (
				E46974DE1ADEA9EB00923DC9 /* Debug */,
				E46974DF1ADEA9EB00923DC9 /* Release */,
			);
			defaultConfigurationIsVisible = 0;
		};
		E46974E01ADEA9EB00923DC9 /* Build configuration list for PBXNativeTarget "ProgramableViewsTests" */ = {
			isa = XCConfigurationList;
			buildConfigurations = (
				E46974E11ADEA9EB00923DC9 /* Debug */,
				E46974E21ADEA9EB00923DC9 /* Release */,
			);
			defaultConfigurationIsVisible = 0;
		};
/* End XCConfigurationList section */
	};
	rootObject = E46974B21ADEA9EB00923DC9 /* Project object */;
}
